
Microsoft Visual Studio Solution File, Format Version 12.00
# Visual Studio Version 17
VisualStudioVersion = 17.9.34723.18
MinimumVisualStudioVersion = 10.0.40219.1
Project("{9A19103F-16F7-4668-BE54-9A1E7A4F7556}") = "Contatos.API", "Contatos.API.csproj", "{AEAE5970-7F0F-430E-8AB6-330078724879}"
EndProject
Global
	GlobalSection(SolutionConfigurationPlatforms) = preSolution
		Debug|Any CPU = Debug|Any CPU
		Release|Any CPU = Release|Any CPU
	EndGlobalSection
	GlobalSection(ProjectConfigurationPlatforms) = postSolution
		{AEAE5970-7F0F-430E-8AB6-330078724879}.Debug|Any CPU.ActiveCfg = Debug|Any CPU
		{AEAE5970-7F0F-430E-8AB6-330078724879}.Debug|Any CPU.Build.0 = Debug|Any CPU
		{AEAE5970-7F0F-430E-8AB6-330078724879}.Release|Any CPU.ActiveCfg = Release|Any CPU
		{AEAE5970-7F0F-430E-8AB6-330078724879}.Release|Any CPU.Build.0 = Release|Any CPU
	EndGlobalSection
	GlobalSection(SolutionProperties) = preSolution
		HideSolutionNode = FALSE
	EndGlobalSection
	GlobalSection(ExtensibilityGlobals) = postSolution
		SolutionGuid = {5365B5E3-36C2-4463-841D-B15B4033C48E}
	EndGlobalSection
EndGlobal
