
Microsoft Visual Studio Solution File, Format Version 12.00
# Visual Studio Version 17
VisualStudioVersion = 17.9.34723.18
MinimumVisualStudioVersion = 10.0.40219.1
Project("{9A19103F-16F7-4668-BE54-9A1E7A4F7556}") = "Contatos", "Contatos\Contatos.csproj", "{4AD7C6E3-C047-4604-A5DB-129D7E5FFD4E}"
EndProject
Project("{9A19103F-16F7-4668-BE54-9A1E7A4F7556}") = "Contatos.API.Tests", "Contatos.Tests\Contatos.API.Tests.csproj", "{D061F68F-8260-421E-B595-3A2813E95FB8}"
EndProject
Global
	GlobalSection(SolutionConfigurationPlatforms) = preSolution
		Debug|Any CPU = Debug|Any CPU
		Release|Any CPU = Release|Any CPU
	EndGlobalSection
	GlobalSection(ProjectConfigurationPlatforms) = postSolution
		{4AD7C6E3-C047-4604-A5DB-129D7E5FFD4E}.Debug|Any CPU.ActiveCfg = Debug|Any CPU
		{4AD7C6E3-C047-4604-A5DB-129D7E5FFD4E}.Debug|Any CPU.Build.0 = Debug|Any CPU
		{4AD7C6E3-C047-4604-A5DB-129D7E5FFD4E}.Release|Any CPU.ActiveCfg = Release|Any CPU
		{4AD7C6E3-C047-4604-A5DB-129D7E5FFD4E}.Release|Any CPU.Build.0 = Release|Any CPU
		{D061F68F-8260-421E-B595-3A2813E95FB8}.Debug|Any CPU.ActiveCfg = Debug|Any CPU
		{D061F68F-8260-421E-B595-3A2813E95FB8}.Debug|Any CPU.Build.0 = Debug|Any CPU
		{D061F68F-8260-421E-B595-3A2813E95FB8}.Release|Any CPU.ActiveCfg = Release|Any CPU
		{D061F68F-8260-421E-B595-3A2813E95FB8}.Release|Any CPU.Build.0 = Release|Any CPU
	EndGlobalSection
	GlobalSection(SolutionProperties) = preSolution
		HideSolutionNode = FALSE
	EndGlobalSection
	GlobalSection(ExtensibilityGlobals) = postSolution
		SolutionGuid = {5365B5E3-36C2-4463-841D-B15B4033C48E}
	EndGlobalSection
EndGlobal
