
Microsoft Visual Studio Solution File, Format Version 12.00
# Visual Studio Version 16
VisualStudioVersion = 25.0.1706.12
MinimumVisualStudioVersion = 10.0.40219.1
Project("{FAE04EC0-301F-11D3-BF4B-00C04F79EFBC}") = "Contatos.API", "Contatos.API.csproj", "{4E1B0FC5-6B29-4AA4-8457-258210ABE359}"
EndProject
Global
	GlobalSection(SolutionConfigurationPlatforms) = preSolution
		Debug|Any CPU = Debug|Any CPU
		Release|Any CPU = Release|Any CPU
	EndGlobalSection
	GlobalSection(ProjectConfigurationPlatforms) = postSolution
		{4E1B0FC5-6B29-4AA4-8457-258210ABE359}.Debug|Any CPU.ActiveCfg = Debug|Any CPU
		{4E1B0FC5-6B29-4AA4-8457-258210ABE359}.Debug|Any CPU.Build.0 = Debug|Any CPU
		{4E1B0FC5-6B29-4AA4-8457-258210ABE359}.Release|Any CPU.ActiveCfg = Release|Any CPU
		{4E1B0FC5-6B29-4AA4-8457-258210ABE359}.Release|Any CPU.Build.0 = Release|Any CPU
	EndGlobalSection
	GlobalSection(SolutionProperties) = preSolution
		HideSolutionNode = FALSE
	EndGlobalSection
	GlobalSection(ExtensibilityGlobals) = postSolution
		SolutionGuid = {14749EE6-D5C1-4FF4-80CD-506B661CB419}
	EndGlobalSection
EndGlobal
